<?xml version="1.0" encoding="utf-8"?>
<Project ToolsVersion="4.0" xmlns="http://schemas.microsoft.com/developer/msbuild/2003">
  <ItemGroup>
    <Filter Include="소스 파일">
      <UniqueIdentifier>{4FC737F1-C7A5-4376-A066-2A32D752A2FF}</UniqueIdentifier>
      <Extensions>cpp;c;cc;cxx;c++;cppm;ixx;def;odl;idl;hpj;bat;asm;asmx</Extensions>
    </Filter>
    <Filter Include="헤더 파일">
      <UniqueIdentifier>{93995380-89BD-4b04-88EB-625FBE52EBFB}</UniqueIdentifier>
      <Extensions>h;hh;hpp;hxx;h++;hm;inl;inc;ipp;xsd</Extensions>
    </Filter>
    <Filter Include="리소스 파일">
      <UniqueIdentifier>{67DA6AB6-F800-4c08-8B7A-83BB121AAD01}</UniqueIdentifier>
      <Extensions>rc;ico;cur;bmp;dlg;rc2;rct;bin;rgs;gif;jpg;jpeg;jpe;resx;tiff;tif;png;wav;mfcribbon-ms</Extensions>
    </Filter>
    <Filter Include="소스 파일\class">
      <UniqueIdentifier>{c537f2e3-e7a8-4634-8203-dd8716b8bdf0}</UniqueIdentifier>
    </Filter>
    <Filter Include="소스 파일\starcraft_project">
      <UniqueIdentifier>{973a73b2-88e4-4970-886f-faf58228e6f5}</UniqueIdentifier>
    </Filter>
    <Filter Include="소스 파일\starcraft_project\photocanon">
      <UniqueIdentifier>{1a3d02d2-4bfd-438c-a802-829db786c9c9}</UniqueIdentifier>
    </Filter>
  </ItemGroup>
  <ItemGroup>
    <ClCompile Include="daycalculator.cpp">
      <Filter>소스 파일\class</Filter>
    </ClCompile>
    <ClCompile Include="overloading.cpp">
      <Filter>소스 파일\class</Filter>
    </ClCompile>
    <ClCompile Include="constructor.cpp">
      <Filter>소스 파일\class</Filter>
    </ClCompile>
    <ClCompile Include="default_constructor.cpp">
      <Filter>소스 파일\class</Filter>
    </ClCompile>
    <ClCompile Include="constructor_overloading.cpp">
      <Filter>소스 파일\class</Filter>
    </ClCompile>
    <ClCompile Include="construct_prac.cpp">
      <Filter>소스 파일\class</Filter>
    </ClCompile>
    <ClCompile Include="constructor_math.cpp">
      <Filter>소스 파일\class</Filter>
    </ClCompile>
    <ClCompile Include="Starcft.cpp">
      <Filter>소스 파일\starcraft_project</Filter>
    </ClCompile>
    <ClCompile Include="strmain.cpp">
      <Filter>소스 파일\starcraft_project</Filter>
    </ClCompile>
    <ClCompile Include="phonocanon.cpp">
      <Filter>소스 파일\starcraft_project\photocanon</Filter>
    </ClCompile>
    <ClCompile Include="deepcopy.cpp">
      <Filter>소스 파일\starcraft_project\photocanon</Filter>
    </ClCompile>
    <ClCompile Include="exam.cpp">
      <Filter>소스 파일\starcraft_project\photocanon</Filter>
    </ClCompile>
  </ItemGroup>
  <ItemGroup>
    <ClInclude Include="Starcft.h">
      <Filter>헤더 파일</Filter>
    </ClInclude>
  </ItemGroup>
</Project>